
Microsoft Visual Studio Solution File, Format Version 12.00
# Visual Studio 15
VisualStudioVersion = 15.0.26228.12
MinimumVisualStudioVersion = 10.0.40219.1
Project("{FAE04EC0-301F-11D3-BF4B-00C04F79EFBC}") = "PennStateVendingMachine_Client", "PennStateVendingMachine_Client\PennStateVendingMachine_Client.csproj", "{E4CE1848-2B24-4D7E-95EA-956098D2C3B7}"
EndProject
Project("{2150E333-8FDC-42A3-9474-1A3956D46DE8}") = "100_Presentation", "100_Presentation", "{8B7B9D71-D34E-4F73-A7C1-AC52019A2763}"
EndProject
Project("{2150E333-8FDC-42A3-9474-1A3956D46DE8}") = "200_DataAccess", "200_DataAccess", "{75C7CEBA-31A5-4727-AEF8-9F8D913B108B}"
EndProject
Project("{2150E333-8FDC-42A3-9474-1A3956D46DE8}") = "300_BusinessLogic", "300_BusinessLogic", "{38B63535-A4C2-4074-B215-06A9CE68D995}"
EndProject
Project("{FAE04EC0-301F-11D3-BF4B-00C04F79EFBC}") = "ClientControllers", "ClientControllers\ClientControllers.csproj", "{D1DE274F-B6A0-4C41-8916-43B1CEA6CD38}"
EndProject
Project("{FAE04EC0-301F-11D3-BF4B-00C04F79EFBC}") = "ClientConnection", "ClientConnection\ClientConnection.csproj", "{EAE313FF-5E6E-4963-9748-81D4A060E021}"
EndProject
Project("{FAE04EC0-301F-11D3-BF4B-00C04F79EFBC}") = "VendingMachineModels", "..\..\PennStateVendingMachine\PennStateVendingMachine\VendingMachineModels\VendingMachineModels.csproj", "{98BFA32F-5F42-4F72-AAEE-40B3A9BE2B3E}"
EndProject
Global
	GlobalSection(SolutionConfigurationPlatforms) = preSolution
		Debug|Any CPU = Debug|Any CPU
		Release|Any CPU = Release|Any CPU
	EndGlobalSection
	GlobalSection(ProjectConfigurationPlatforms) = postSolution
		{E4CE1848-2B24-4D7E-95EA-956098D2C3B7}.Debug|Any CPU.ActiveCfg = Debug|Any CPU
		{E4CE1848-2B24-4D7E-95EA-956098D2C3B7}.Debug|Any CPU.Build.0 = Debug|Any CPU
		{E4CE1848-2B24-4D7E-95EA-956098D2C3B7}.Release|Any CPU.ActiveCfg = Release|Any CPU
		{E4CE1848-2B24-4D7E-95EA-956098D2C3B7}.Release|Any CPU.Build.0 = Release|Any CPU
		{D1DE274F-B6A0-4C41-8916-43B1CEA6CD38}.Debug|Any CPU.ActiveCfg = Debug|Any CPU
		{D1DE274F-B6A0-4C41-8916-43B1CEA6CD38}.Debug|Any CPU.Build.0 = Debug|Any CPU
		{D1DE274F-B6A0-4C41-8916-43B1CEA6CD38}.Release|Any CPU.ActiveCfg = Release|Any CPU
		{D1DE274F-B6A0-4C41-8916-43B1CEA6CD38}.Release|Any CPU.Build.0 = Release|Any CPU
		{EAE313FF-5E6E-4963-9748-81D4A060E021}.Debug|Any CPU.ActiveCfg = Debug|Any CPU
		{EAE313FF-5E6E-4963-9748-81D4A060E021}.Debug|Any CPU.Build.0 = Debug|Any CPU
		{EAE313FF-5E6E-4963-9748-81D4A060E021}.Release|Any CPU.ActiveCfg = Release|Any CPU
		{EAE313FF-5E6E-4963-9748-81D4A060E021}.Release|Any CPU.Build.0 = Release|Any CPU
		{98BFA32F-5F42-4F72-AAEE-40B3A9BE2B3E}.Debug|Any CPU.ActiveCfg = Debug|Any CPU
		{98BFA32F-5F42-4F72-AAEE-40B3A9BE2B3E}.Debug|Any CPU.Build.0 = Debug|Any CPU
		{98BFA32F-5F42-4F72-AAEE-40B3A9BE2B3E}.Release|Any CPU.ActiveCfg = Release|Any CPU
		{98BFA32F-5F42-4F72-AAEE-40B3A9BE2B3E}.Release|Any CPU.Build.0 = Release|Any CPU
	EndGlobalSection
	GlobalSection(SolutionProperties) = preSolution
		HideSolutionNode = FALSE
	EndGlobalSection
	GlobalSection(NestedProjects) = preSolution
		{E4CE1848-2B24-4D7E-95EA-956098D2C3B7} = {8B7B9D71-D34E-4F73-A7C1-AC52019A2763}
		{D1DE274F-B6A0-4C41-8916-43B1CEA6CD38} = {38B63535-A4C2-4074-B215-06A9CE68D995}
		{EAE313FF-5E6E-4963-9748-81D4A060E021} = {38B63535-A4C2-4074-B215-06A9CE68D995}
		{98BFA32F-5F42-4F72-AAEE-40B3A9BE2B3E} = {38B63535-A4C2-4074-B215-06A9CE68D995}
	EndGlobalSection
EndGlobal
